
Microsoft Visual Studio Solution File, Format Version 12.00
# Visual Studio Version 17
VisualStudioVersion = 17.12.35527.113 d17.12
MinimumVisualStudioVersion = 10.0.40219.1
Project("{FAE04EC0-301F-11D3-BF4B-00C04F79EFBC}") = "ShopAPI.Web", "ShopAPI\ShopAPI.Web.csproj", "{FAEAFF16-B4D0-4663-984B-CC8D24E45BCF}"
EndProject
Project("{FAE04EC0-301F-11D3-BF4B-00C04F79EFBC}") = "ShopApi.Core", "ShopApi.Core\ShopApi.Core.csproj", "{93495726-502B-4195-92E5-DA553252E119}"
EndProject
Project("{FAE04EC0-301F-11D3-BF4B-00C04F79EFBC}") = "ShopApi.Infrastructure", "ShopApi.Infrastructure\ShopApi.Infrastructure.csproj", "{165AC51A-D57D-43EF-AB9A-106D63FC0AE6}"
EndProject
Global
	GlobalSection(SolutionConfigurationPlatforms) = preSolution
		Debug|Any CPU = Debug|Any CPU
		Release|Any CPU = Release|Any CPU
	EndGlobalSection
	GlobalSection(ProjectConfigurationPlatforms) = postSolution
		{FAEAFF16-B4D0-4663-984B-CC8D24E45BCF}.Debug|Any CPU.ActiveCfg = Debug|Any CPU
		{FAEAFF16-B4D0-4663-984B-CC8D24E45BCF}.Debug|Any CPU.Build.0 = Debug|Any CPU
		{FAEAFF16-B4D0-4663-984B-CC8D24E45BCF}.Release|Any CPU.ActiveCfg = Release|Any CPU
		{FAEAFF16-B4D0-4663-984B-CC8D24E45BCF}.Release|Any CPU.Build.0 = Release|Any CPU
		{93495726-502B-4195-92E5-DA553252E119}.Debug|Any CPU.ActiveCfg = Debug|Any CPU
		{93495726-502B-4195-92E5-DA553252E119}.Debug|Any CPU.Build.0 = Debug|Any CPU
		{93495726-502B-4195-92E5-DA553252E119}.Release|Any CPU.ActiveCfg = Release|Any CPU
		{93495726-502B-4195-92E5-DA553252E119}.Release|Any CPU.Build.0 = Release|Any CPU
		{165AC51A-D57D-43EF-AB9A-106D63FC0AE6}.Debug|Any CPU.ActiveCfg = Debug|Any CPU
		{165AC51A-D57D-43EF-AB9A-106D63FC0AE6}.Debug|Any CPU.Build.0 = Debug|Any CPU
		{165AC51A-D57D-43EF-AB9A-106D63FC0AE6}.Release|Any CPU.ActiveCfg = Release|Any CPU
		{165AC51A-D57D-43EF-AB9A-106D63FC0AE6}.Release|Any CPU.Build.0 = Release|Any CPU
	EndGlobalSection
	GlobalSection(SolutionProperties) = preSolution
		HideSolutionNode = FALSE
	EndGlobalSection
EndGlobal
